// !$*UTF8*$!
{
	archiveVersion = 1;
	classes = {
	};
	objectVersion = 50;
	objects = {

/* Begin PBXBuildFile section */
		2700C6172344348300816B4D /* RecipeViewController.swift in Sources */ = {isa = PBXBuildFile; fileRef = 2700C6162344348300816B4D /* RecipeViewController.swift */; };
		2700C6192344446800816B4D /* RecipePreviewViewController.swift in Sources */ = {isa = PBXBuildFile; fileRef = 2700C6182344446800816B4D /* RecipePreviewViewController.swift */; };
		27223BDF234325A90002756D /* AppDelegate.swift in Sources */ = {isa = PBXBuildFile; fileRef = 27223BDE234325A90002756D /* AppDelegate.swift */; };
		27223BE1234325A90002756D /* SceneDelegate.swift in Sources */ = {isa = PBXBuildFile; fileRef = 27223BE0234325A90002756D /* SceneDelegate.swift */; };
		27223BE3234325A90002756D /* ViewController.swift in Sources */ = {isa = PBXBuildFile; fileRef = 27223BE2234325A90002756D /* ViewController.swift */; };
		27223BE8234325AA0002756D /* Assets.xcassets in Resources */ = {isa = PBXBuildFile; fileRef = 27223BE7234325AA0002756D /* Assets.xcassets */; };
		27223BEB234325AA0002756D /* LaunchScreen.storyboard in Resources */ = {isa = PBXBuildFile; fileRef = 27223BE9234325AA0002756D /* LaunchScreen.storyboard */; };
		27223BF4234327030002756D /* Recipe.swift in Sources */ = {isa = PBXBuildFile; fileRef = 27223BF3234327030002756D /* Recipe.swift */; };
		27223BF6234327070002756D /* Ingredient.swift in Sources */ = {isa = PBXBuildFile; fileRef = 27223BF5234327070002756D /* Ingredient.swift */; };
		27223BF9234327CD0002756D /* RecipesViewController.swift in Sources */ = {isa = PBXBuildFile; fileRef = 27223BF8234327CD0002756D /* RecipesViewController.swift */; };
		2766127C23432A0100DFB87E /* RecipeCell.swift in Sources */ = {isa = PBXBuildFile; fileRef = 2766127B23432A0100DFB87E /* RecipeCell.swift */; };
		2766127F23432B2900DFB87E /* UILabel+Extensions.swift in Sources */ = {isa = PBXBuildFile; fileRef = 2766127E23432B2900DFB87E /* UILabel+Extensions.swift */; };
/* End PBXBuildFile section */

/* Begin PBXFileReference section */
		2700C6162344348300816B4D /* RecipeViewController.swift */ = {isa = PBXFileReference; lastKnownFileType = sourcecode.swift; path = RecipeViewController.swift; sourceTree = "<group>"; };
		2700C6182344446800816B4D /* RecipePreviewViewController.swift */ = {isa = PBXFileReference; lastKnownFileType = sourcecode.swift; path = RecipePreviewViewController.swift; sourceTree = "<group>"; };
		27223BDB234325A90002756D /* Recipes.app */ = {isa = PBXFileReference; explicitFileType = wrapper.application; includeInIndex = 0; path = Recipes.app; sourceTree = BUILT_PRODUCTS_DIR; };
		27223BDE234325A90002756D /* AppDelegate.swift */ = {isa = PBXFileReference; lastKnownFileType = sourcecode.swift; path = AppDelegate.swift; sourceTree = "<group>"; };
		27223BE0234325A90002756D /* SceneDelegate.swift */ = {isa = PBXFileReference; lastKnownFileType = sourcecode.swift; path = SceneDelegate.swift; sourceTree = "<group>"; };
		27223BE2234325A90002756D /* ViewController.swift */ = {isa = PBXFileReference; lastKnownFileType = sourcecode.swift; path = ViewController.swift; sourceTree = "<group>"; };
		27223BE7234325AA0002756D /* Assets.xcassets */ = {isa = PBXFileReference; lastKnownFileType = folder.assetcatalog; path = Assets.xcassets; sourceTree = "<group>"; };
		27223BEA234325AA0002756D /* Base */ = {isa = PBXFileReference; lastKnownFileType = file.storyboard; name = Base; path = Base.lproj/LaunchScreen.storyboard; sourceTree = "<group>"; };
		27223BEC234325AA0002756D /* Info.plist */ = {isa = PBXFileReference; lastKnownFileType = text.plist.xml; path = Info.plist; sourceTree = "<group>"; };
		27223BF3234327030002756D /* Recipe.swift */ = {isa = PBXFileReference; lastKnownFileType = sourcecode.swift; path = Recipe.swift; sourceTree = "<group>"; };
		27223BF5234327070002756D /* Ingredient.swift */ = {isa = PBXFileReference; lastKnownFileType = sourcecode.swift; path = Ingredient.swift; sourceTree = "<group>"; };
		27223BF8234327CD0002756D /* RecipesViewController.swift */ = {isa = PBXFileReference; lastKnownFileType = sourcecode.swift; path = RecipesViewController.swift; sourceTree = "<group>"; };
		2766127B23432A0100DFB87E /* RecipeCell.swift */ = {isa = PBXFileReference; lastKnownFileType = sourcecode.swift; path = RecipeCell.swift; sourceTree = "<group>"; };
		2766127E23432B2900DFB87E /* UILabel+Extensions.swift */ = {isa = PBXFileReference; lastKnownFileType = sourcecode.swift; path = "UILabel+Extensions.swift"; sourceTree = "<group>"; };
/* End PBXFileReference section */

/* Begin PBXFrameworksBuildPhase section */
		27223BD8234325A90002756D /* Frameworks */ = {
			isa = PBXFrameworksBuildPhase;
			buildActionMask = 2147483647;
			files = (
			);
			runOnlyForDeploymentPostprocessing = 0;
		};
/* End PBXFrameworksBuildPhase section */

/* Begin PBXGroup section */
		2700C6152344347700816B4D /* Recipe */ = {
			isa = PBXGroup;
			children = (
				2700C6162344348300816B4D /* RecipeViewController.swift */,
				2700C6182344446800816B4D /* RecipePreviewViewController.swift */,
			);
			path = Recipe;
			sourceTree = "<group>";
		};
		27223BD2234325A90002756D = {
			isa = PBXGroup;
			children = (
				27223BDD234325A90002756D /* Recipes */,
				27223BDC234325A90002756D /* Products */,
			);
			sourceTree = "<group>";
		};
		27223BDC234325A90002756D /* Products */ = {
			isa = PBXGroup;
			children = (
				27223BDB234325A90002756D /* Recipes.app */,
			);
			name = Products;
			sourceTree = "<group>";
		};
		27223BDD234325A90002756D /* Recipes */ = {
			isa = PBXGroup;
			children = (
				27223BDE234325A90002756D /* AppDelegate.swift */,
				27223BE0234325A90002756D /* SceneDelegate.swift */,
				27223BF7234327B60002756D /* View Controllers */,
				27223BF2234326FD0002756D /* Models */,
				2766127D23432B1900DFB87E /* UIKit Extensions */,
				27223BE7234325AA0002756D /* Assets.xcassets */,
				27223BE9234325AA0002756D /* LaunchScreen.storyboard */,
				27223BEC234325AA0002756D /* Info.plist */,
			);
			path = Recipes;
			sourceTree = "<group>";
		};
		27223BF2234326FD0002756D /* Models */ = {
			isa = PBXGroup;
			children = (
				27223BF3234327030002756D /* Recipe.swift */,
				27223BF5234327070002756D /* Ingredient.swift */,
			);
			path = Models;
			sourceTree = "<group>";
		};
		27223BF7234327B60002756D /* View Controllers */ = {
			isa = PBXGroup;
			children = (
				27223BE2234325A90002756D /* ViewController.swift */,
				2766127A234329EF00DFB87E /* Recipes */,
				2700C6152344347700816B4D /* Recipe */,
			);
			path = "View Controllers";
			sourceTree = "<group>";
		};
		2766127A234329EF00DFB87E /* Recipes */ = {
			isa = PBXGroup;
			children = (
				27223BF8234327CD0002756D /* RecipesViewController.swift */,
				2766127B23432A0100DFB87E /* RecipeCell.swift */,
			);
			path = Recipes;
			sourceTree = "<group>";
		};
		2766127D23432B1900DFB87E /* UIKit Extensions */ = {
			isa = PBXGroup;
			children = (
				2766127E23432B2900DFB87E /* UILabel+Extensions.swift */,
			);
			path = "UIKit Extensions";
			sourceTree = "<group>";
		};
/* End PBXGroup section */

/* Begin PBXNativeTarget section */
		27223BDA234325A90002756D /* Recipes */ = {
			isa = PBXNativeTarget;
			buildConfigurationList = 27223BEF234325AA0002756D /* Build configuration list for PBXNativeTarget "Recipes" */;
			buildPhases = (
				27223BD7234325A90002756D /* Sources */,
				27223BD8234325A90002756D /* Frameworks */,
				27223BD9234325A90002756D /* Resources */,
			);
			buildRules = (
			);
			dependencies = (
			);
			name = Recipes;
			productName = Recipes;
			productReference = 27223BDB234325A90002756D /* Recipes.app */;
			productType = "com.apple.product-type.application";
		};
/* End PBXNativeTarget section */

/* Begin PBXProject section */
		27223BD3234325A90002756D /* Project object */ = {
			isa = PBXProject;
			attributes = {
				LastSwiftUpdateCheck = 1100;
				LastUpgradeCheck = 1100;
				ORGANIZATIONNAME = "Kyle Bashour";
				TargetAttributes = {
					27223BDA234325A90002756D = {
						CreatedOnToolsVersion = 11.0;
					};
				};
			};
			buildConfigurationList = 27223BD6234325A90002756D /* Build configuration list for PBXProject "Recipes" */;
			compatibilityVersion = "Xcode 9.3";
			developmentRegion = en;
			hasScannedForEncodings = 0;
			knownRegions = (
				en,
				Base,
			);
			mainGroup = 27223BD2234325A90002756D;
			productRefGroup = 27223BDC234325A90002756D /* Products */;
			projectDirPath = "";
			projectRoot = "";
			targets = (
				27223BDA234325A90002756D /* Recipes */,
			);
		};
/* End PBXProject section */

/* Begin PBXResourcesBuildPhase section */
		27223BD9234325A90002756D /* Resources */ = {
			isa = PBXResourcesBuildPhase;
			buildActionMask = 2147483647;
			files = (
				27223BEB234325AA0002756D /* LaunchScreen.storyboard in Resources */,
				27223BE8234325AA0002756D /* Assets.xcassets in Resources */,
			);
			runOnlyForDeploymentPostprocessing = 0;
		};
/* End PBXResourcesBuildPhase section */

/* Begin PBXSourcesBuildPhase section */
		27223BD7234325A90002756D /* Sources */ = {
			isa = PBXSourcesBuildPhase;
			buildActionMask = 2147483647;
			files = (
				27223BE3234325A90002756D /* ViewController.swift in Sources */,
				27223BDF234325A90002756D /* AppDelegate.swift in Sources */,
				27223BF9234327CD0002756D /* RecipesViewController.swift in Sources */,
				2700C6192344446800816B4D /* RecipePreviewViewController.swift in Sources */,
				2766127C23432A0100DFB87E /* RecipeCell.swift in Sources */,
				2766127F23432B2900DFB87E /* UILabel+Extensions.swift in Sources */,
				27223BF6234327070002756D /* Ingredient.swift in Sources */,
				27223BE1234325A90002756D /* SceneDelegate.swift in Sources */,
				27223BF4234327030002756D /* Recipe.swift in Sources */,
				2700C6172344348300816B4D /* RecipeViewController.swift in Sources */,
			);
			runOnlyForDeploymentPostprocessing = 0;
		};
/* End PBXSourcesBuildPhase section */

/* Begin PBXVariantGroup section */
		27223BE9234325AA0002756D /* LaunchScreen.storyboard */ = {
			isa = PBXVariantGroup;
			children = (
				27223BEA234325AA0002756D /* Base */,
			);
			name = LaunchScreen.storyboard;
			sourceTree = "<group>";
		};
/* End PBXVariantGroup section */

/* Begin XCBuildConfiguration section */
		27223BED234325AA0002756D /* Debug */ = {
			isa = XCBuildConfiguration;
			buildSettings = {
				ALWAYS_SEARCH_USER_PATHS = NO;
				CLANG_ANALYZER_NONNULL = YES;
				CLANG_ANALYZER_NUMBER_OBJECT_CONVERSION = YES_AGGRESSIVE;
				CLANG_CXX_LANGUAGE_STANDARD = "gnu++14";
				CLANG_CXX_LIBRARY = "libc++";
				CLANG_ENABLE_MODULES = YES;
				CLANG_ENABLE_OBJC_ARC = YES;
				CLANG_ENABLE_OBJC_WEAK = YES;
				CLANG_WARN_BLOCK_CAPTURE_AUTORELEASING = YES;
				CLANG_WARN_BOOL_CONVERSION = YES;
				CLANG_WARN_COMMA = YES;
				CLANG_WARN_CONSTANT_CONVERSION = YES;
				CLANG_WARN_DEPRECATED_OBJC_IMPLEMENTATIONS = YES;
				CLANG_WARN_DIRECT_OBJC_ISA_USAGE = YES_ERROR;
				CLANG_WARN_DOCUMENTATION_COMMENTS = YES;
				CLANG_WARN_EMPTY_BODY = YES;
				CLANG_WARN_ENUM_CONVERSION = YES;
				CLANG_WARN_INFINITE_RECURSION = YES;
				CLANG_WARN_INT_CONVERSION = YES;
				CLANG_WARN_NON_LITERAL_NULL_CONVERSION = YES;
				CLANG_WARN_OBJC_IMPLICIT_RETAIN_SELF = YES;
				CLANG_WARN_OBJC_LITERAL_CONVERSION = YES;
				CLANG_WARN_OBJC_ROOT_CLASS = YES_ERROR;
				CLANG_WARN_RANGE_LOOP_ANALYSIS = YES;
				CLANG_WARN_STRICT_PROTOTYPES = YES;
				CLANG_WARN_SUSPICIOUS_MOVE = YES;
				CLANG_WARN_UNGUARDED_AVAILABILITY = YES_AGGRESSIVE;
				CLANG_WARN_UNREACHABLE_CODE = YES;
				CLANG_WARN__DUPLICATE_METHOD_MATCH = YES;
				COPY_PHASE_STRIP = NO;
				DEBUG_INFORMATION_FORMAT = dwarf;
				ENABLE_STRICT_OBJC_MSGSEND = YES;
				ENABLE_TESTABILITY = YES;
				GCC_C_LANGUAGE_STANDARD = gnu11;
				GCC_DYNAMIC_NO_PIC = NO;
				GCC_NO_COMMON_BLOCKS = YES;
				GCC_OPTIMIZATION_LEVEL = 0;
				GCC_PREPROCESSOR_DEFINITIONS = (
					"DEBUG=1",
					"$(inherited)",
				);
				GCC_WARN_64_TO_32_BIT_CONVERSION = YES;
				GCC_WARN_ABOUT_RETURN_TYPE = YES_ERROR;
				GCC_WARN_UNDECLARED_SELECTOR = YES;
				GCC_WARN_UNINITIALIZED_AUTOS = YES_AGGRESSIVE;
				GCC_WARN_UNUSED_FUNCTION = YES;
				GCC_WARN_UNUSED_VARIABLE = YES;
				IPHONEOS_DEPLOYMENT_TARGET = 13.0;
				MTL_ENABLE_DEBUG_INFO = INCLUDE_SOURCE;
				MTL_FAST_MATH = YES;
				ONLY_ACTIVE_ARCH = YES;
				SDKROOT = iphoneos;
				SWIFT_ACTIVE_COMPILATION_CONDITIONS = DEBUG;
				SWIFT_OPTIMIZATION_LEVEL = "-Onone";
			};
			name = Debug;
		};
		27223BEE234325AA0002756D /* Release */ = {
			isa = XCBuildConfiguration;
			buildSettings = {
				ALWAYS_SEARCH_USER_PATHS = NO;
				CLANG_ANALYZER_NONNULL = YES;
				CLANG_ANALYZER_NUMBER_OBJECT_CONVERSION = YES_AGGRESSIVE;
				CLANG_CXX_LANGUAGE_STANDARD = "gnu++14";
				CLANG_CXX_LIBRARY = "libc++";
				CLANG_ENABLE_MODULES = YES;
				CLANG_ENABLE_OBJC_ARC = YES;
				CLANG_ENABLE_OBJC_WEAK = YES;
				CLANG_WARN_BLOCK_CAPTURE_AUTORELEASING = YES;
				CLANG_WARN_BOOL_CONVERSION = YES;
				CLANG_WARN_COMMA = YES;
				CLANG_WARN_CONSTANT_CONVERSION = YES;
				CLANG_WARN_DEPRECATED_OBJC_IMPLEMENTATIONS = YES;
				CLANG_WARN_DIRECT_OBJC_ISA_USAGE = YES_ERROR;
				CLANG_WARN_DOCUMENTATION_COMMENTS = YES;
				CLANG_WARN_EMPTY_BODY = YES;
				CLANG_WARN_ENUM_CONVERSION = YES;
				CLANG_WARN_INFINITE_RECURSION = YES;
				CLANG_WARN_INT_CONVERSION = YES;
				CLANG_WARN_NON_LITERAL_NULL_CONVERSION = YES;
				CLANG_WARN_OBJC_IMPLICIT_RETAIN_SELF = YES;
				CLANG_WARN_OBJC_LITERAL_CONVERSION = YES;
				CLANG_WARN_OBJC_ROOT_CLASS = YES_ERROR;
				CLANG_WARN_RANGE_LOOP_ANALYSIS = YES;
				CLANG_WARN_STRICT_PROTOTYPES = YES;
				CLANG_WARN_SUSPICIOUS_MOVE = YES;
				CLANG_WARN_UNGUARDED_AVAILABILITY = YES_AGGRESSIVE;
				CLANG_WARN_UNREACHABLE_CODE = YES;
				CLANG_WARN__DUPLICATE_METHOD_MATCH = YES;
				COPY_PHASE_STRIP = NO;
				DEBUG_INFORMATION_FORMAT = "dwarf-with-dsym";
				ENABLE_NS_ASSERTIONS = NO;
				ENABLE_STRICT_OBJC_MSGSEND = YES;
				GCC_C_LANGUAGE_STANDARD = gnu11;
				GCC_NO_COMMON_BLOCKS = YES;
				GCC_WARN_64_TO_32_BIT_CONVERSION = YES;
				GCC_WARN_ABOUT_RETURN_TYPE = YES_ERROR;
				GCC_WARN_UNDECLARED_SELECTOR = YES;
				GCC_WARN_UNINITIALIZED_AUTOS = YES_AGGRESSIVE;
				GCC_WARN_UNUSED_FUNCTION = YES;
				GCC_WARN_UNUSED_VARIABLE = YES;
				IPHONEOS_DEPLOYMENT_TARGET = 13.0;
				MTL_ENABLE_DEBUG_INFO = NO;
				MTL_FAST_MATH = YES;
				SDKROOT = iphoneos;
				SWIFT_COMPILATION_MODE = wholemodule;
				SWIFT_OPTIMIZATION_LEVEL = "-O";
				VALIDATE_PRODUCT = YES;
			};
			name = Release;
		};
		27223BF0234325AA0002756D /* Debug */ = {
			isa = XCBuildConfiguration;
			buildSettings = {
				ASSETCATALOG_COMPILER_APPICON_NAME = AppIcon;
				CODE_SIGN_STYLE = Automatic;
				DEVELOPMENT_TEAM = ZEAD23GG77;
				INFOPLIST_FILE = Recipes/Info.plist;
				LD_RUNPATH_SEARCH_PATHS = (
					"$(inherited)",
					"@executable_path/Frameworks",
				);
				PRODUCT_BUNDLE_IDENTIFIER = com.kylebashour.Recipes;
				PRODUCT_NAME = "$(TARGET_NAME)";
				SWIFT_VERSION = 5.0;
				TARGETED_DEVICE_FAMILY = "1,2";
			};
			name = Debug;
		};
		27223BF1234325AA0002756D /* Release */ = {
			isa = XCBuildConfiguration;
			buildSettings = {
				ASSETCATALOG_COMPILER_APPICON_NAME = AppIcon;
				CODE_SIGN_STYLE = Automatic;
				DEVELOPMENT_TEAM = ZEAD23GG77;
				INFOPLIST_FILE = Recipes/Info.plist;
				LD_RUNPATH_SEARCH_PATHS = (
					"$(inherited)",
					"@executable_path/Frameworks",
				);
				PRODUCT_BUNDLE_IDENTIFIER = com.kylebashour.Recipes;
				PRODUCT_NAME = "$(TARGET_NAME)";
				SWIFT_VERSION = 5.0;
				TARGETED_DEVICE_FAMILY = "1,2";
			};
			name = Release;
		};
/* End XCBuildConfiguration section */

/* Begin XCConfigurationList section */
		27223BD6234325A90002756D /* Build configuration list for PBXProject "Recipes" */ = {
			isa = XCConfigurationList;
			buildConfigurations = (
				27223BED234325AA0002756D /* Debug */,
				27223BEE234325AA0002756D /* Release */,
			);
			defaultConfigurationIsVisible = 0;
			defaultConfigurationName = Release;
		};
		27223BEF234325AA0002756D /* Build configuration list for PBXNativeTarget "Recipes" */ = {
			isa = XCConfigurationList;
			buildConfigurations = (
				27223BF0234325AA0002756D /* Debug */,
				27223BF1234325AA0002756D /* Release */,
			);
			defaultConfigurationIsVisible = 0;
			defaultConfigurationName = Release;
		};
/* End XCConfigurationList section */
	};
	rootObject = 27223BD3234325A90002756D /* Project object */;
}
